{
  "name": "project",
  "lockfileVersion": 3,
  "requires": true,
  "packages": {
    "": {
      "dependencies": {
        "@llamaindex/liteparse": "^2.13.1",
        "@llamaindex/liteparse-wasm": "^2.13.1"
      }
    },
    "node_modules/@llamaindex/liteparse": {
      "version": "2.13.1",
      "resolved": "https://registry.npmjs.org/@llamaindex/liteparse/-/liteparse-2.13.1.tgz",
      "integrity": "sha512-EtMFEYFZIY+Gpj6nebvyiIkU9NTmLG5CXe2WpYy5S0pjCLfFgW0Tn9iN68ik3QIk64ELSdLJlgijSzCzfSpeoQ==",
      "dependencies": {
        "commander": "^12.0.0"
      },
      "bin": {
        "lit": "dist/cli.js",
        "liteparse": "dist/cli.js"
      },
      "engines": {
        "node": ">=18.0.0"
      },
      "optionalDependencies": {
        "@llamaindex/liteparse-darwin-arm64": "2.13.1",
        "@llamaindex/liteparse-darwin-x64": "2.13.1",
        "@llamaindex/liteparse-linux-arm64-gnu": "2.13.1",
        "@llamaindex/liteparse-linux-x64-gnu": "2.13.1",
        "@llamaindex/liteparse-linux-x64-musl": "2.13.1",
        "@llamaindex/liteparse-win32-arm64-msvc": "2.13.1",
        "@llamaindex/liteparse-win32-x64-msvc": "2.13.1"
      }
    },
    "node_modules/@llamaindex/liteparse-darwin-arm64": {
      "version": "2.13.1",
      "resolved": "https://registry.npmjs.org/@llamaindex/liteparse-darwin-arm64/-/liteparse-darwin-arm64-2.13.1.tgz",
      "integrity": "sha512-twznsLWeUD0QtSmZjjEQOZF/opFjJORbSILLNz41eM4PP0O2WT87ZAdUxLnPiA7JPZ6TdfoEc9lvAJfQPUHNig==",
      "cpu": [
        "arm64"
      ],
      "optional": true,
      "os": [
        "darwin"
      ]
    },
    "node_modules/@llamaindex/liteparse-darwin-x64": {
      "version": "2.13.1",
      "resolved": "https://registry.npmjs.org/@llamaindex/liteparse-darwin-x64/-/liteparse-darwin-x64-2.13.1.tgz",
      "integrity": "sha512-Im0RwZCztuK+x+may8QRvtFhk1rfGtVMYHvKRHXh+NG+reWFKCTpUkOGrlrW5ik4lu3nzd4Svjbg015zw8zCRQ==",
      "cpu": [
        "x64"
      ],
      "optional": true,
      "os": [
        "darwin"
      ]
    },
    "node_modules/@llamaindex/liteparse-linux-arm64-gnu": {
      "version": "2.13.1",
      "resolved": "https://registry.npmjs.org/@llamaindex/liteparse-linux-arm64-gnu/-/liteparse-linux-arm64-gnu-2.13.1.tgz",
      "integrity": "sha512-L0n95I/xdYS2pt2Eb0Fr0EhianUSZlR6SM84V1ZSGLzZJVZqxAKo9OcoTO8KFd5SnbRjv5B3AOarbeXcbwbJ4g==",
      "cpu": [
        "arm64"
      ],
      "optional": true,
      "os": [
        "linux"
      ]
    },
    "node_modules/@llamaindex/liteparse-linux-x64-gnu": {
      "version": "2.13.1",
      "resolved": "https://registry.npmjs.org/@llamaindex/liteparse-linux-x64-gnu/-/liteparse-linux-x64-gnu-2.13.1.tgz",
      "integrity": "sha512-E0Ywt7jBjx35R5Rzd3RtPUcoPkvfef5Zp/HWvIYlTQHMkvG2e5An0qNktF+MV0Z+c5C2/7KT/3Hnb1rB3+JPsw==",
      "cpu": [
        "x64"
      ],
      "optional": true,
      "os": [
        "linux"
      ]
    },
    "node_modules/@llamaindex/liteparse-linux-x64-musl": {
      "version": "2.13.1",
      "resolved": "https://registry.npmjs.org/@llamaindex/liteparse-linux-x64-musl/-/liteparse-linux-x64-musl-2.13.1.tgz",
      "integrity": "sha512-0s4a4laI8ND21X0dOn0d0rJNGHRV+8XpXehk/Cg7/FMzWK/5z4PO/rtJ2S/+r/A9VOM+AOKZkjgxKOMtW96qOQ==",
      "cpu": [
        "x64"
      ],
      "optional": true,
      "os": [
        "linux"
      ]
    },
    "node_modules/@llamaindex/liteparse-wasm": {
      "version": "2.13.1",
      "resolved": "https://registry.npmjs.org/@llamaindex/liteparse-wasm/-/liteparse-wasm-2.13.1.tgz",
      "integrity": "sha512-TJrL7WYjR7VyNvev7uwxp5xFZOGEwUnsEEYERKI6qZXWdGK/UoTvMX4EzdCc/Pmof/LDUizWVypfU2/7jgEV8g==",
      "engines": {
        "node": ">=18.0.0"
      }
    },
    "node_modules/@llamaindex/liteparse-win32-arm64-msvc": {
      "version": "2.13.1",
      "resolved": "https://registry.npmjs.org/@llamaindex/liteparse-win32-arm64-msvc/-/liteparse-win32-arm64-msvc-2.13.1.tgz",
      "integrity": "sha512-jJ5v/jYDj9XGCorHnMzh2+W5vb+elqf87jW9o6JT7TXlm0g+sPFx+oDg4qaLXVoHJDMlHBrn7XDr0dpmjk7hbA==",
      "cpu": [
        "arm64"
      ],
      "optional": true,
      "os": [
        "win32"
      ]
    },
    "node_modules/@llamaindex/liteparse-win32-x64-msvc": {
      "version": "2.13.1",
      "resolved": "https://registry.npmjs.org/@llamaindex/liteparse-win32-x64-msvc/-/liteparse-win32-x64-msvc-2.13.1.tgz",
      "integrity": "sha512-jPMt5ji7igD7RMS/kn3gIYNnrl8iP47w7mYGK4zKn0xZbQNCSPYdhBMoAkEr5ivxen8O0c4Rxy7URp0AmN264Q==",
      "cpu": [
        "x64"
      ],
      "optional": true,
      "os": [
        "win32"
      ]
    },
    "node_modules/commander": {
      "version": "12.1.0",
      "resolved": "https://registry.npmjs.org/commander/-/commander-12.1.0.tgz",
      "integrity": "sha512-Vw8qHK3bZM9y/P10u3Vib8o/DdkvA2OtPtZvD871QKjy74Wj1WSKFILMPRPSdUSx5RFK1arlJzEtA4PkFgnbuA==",
      "engines": {
        "node": ">=18"
      }
    }
  }
}
